lockfileVersion: '9.0'

settings:
  autoInstallPeers: true
  excludeLinksFromLockfile: false

importers:

  .:
    dependencies:
      '@radix-ui/react-scroll-area':
        specifier: ^1.1.0
        version: 1.1.0(react-dom@18.3.1(react@0.14.10))(react@0.14.10)
      '@radix-ui/react-tabs':
        specifier: ^1.1.0
        version: 1.1.0(react-dom@18.3.1(react@0.14.10))(react@0.14.10)
      '@radix-ui/react-tooltip':
        specifier: ^1.1.2
        version: 1.1.2(react-dom@18.3.1(react@0.14.10))(react@0.14.10)
      react-resizable-panels:
        specifier: ^2.0.20
        version: 2.0.23(react-dom@18.3.1(react@0.14.10))(react@0.14.10)
      recharts:
        specifier: ^2.12.7
        version: 2.12.7(react-dom@18.3.1(react@0.14.10))(react@0.14.10)

packages:

  '@babel/runtime@7.25.0':
    resolution: {integrity: sha512-7dRy4DwXwtzBrPbZflqxnvfxLF8kdZXPkhymtDeFoFqE6ldzjQFgYTtYIFARcLEYDrqfBfYcZt1WqFxRoyC9Rw==}
    engines: {node: '>=6.9.0'}

  '@floating-ui/core@1.6.4':
    resolution: {integrity: sha512-a4IowK4QkXl4SCWTGUR0INAfEOX3wtsYw3rKK5InQEHMGObkR8Xk44qYQD9P4r6HHw0iIfK6GUKECmY8sTkqRA==}

  '@floating-ui/dom@1.6.7':
    resolution: {integrity: sha512-wmVfPG5o2xnKDU4jx/m4w5qva9FWHcnZ8BvzEe90D/RpwsJaTAVYPEPdQ8sbr/N8zZTAHlZUTQdqg8ZUbzHmng==}

  '@floating-ui/react-dom@2.1.1':
    resolution: {integrity: sha512-4h84MJt3CHrtG18mGsXuLCHMrug49d7DFkU0RMIyshRveBeyV2hmV/pDaF2Uxtu8kgq5r46llp5E5FQiR0K2Yg==}
    peerDependencies:
      react: '>=16.8.0'
      react-dom: '>=16.8.0'

  '@floating-ui/utils@0.2.4':
    resolution: {integrity: sha512-dWO2pw8hhi+WrXq1YJy2yCuWoL20PddgGaqTgVe4cOS9Q6qklXCiA1tJEqX6BEwRNSCP84/afac9hd4MS+zEUA==}

  '@radix-ui/number@1.1.0':
    resolution: {integrity: sha512-V3gRzhVNU1ldS5XhAPTom1fOIo4ccrjjJgmE+LI2h/WaFpHmx0MQApT+KZHnx8abG6Avtfcz4WoEciMnpFT3HQ==}

  '@radix-ui/primitive@1.1.0':
    resolution: {integrity: sha512-4Z8dn6Upk0qk4P74xBhZ6Hd/w0mPEzOOLxy4xiPXOXqjF7jZS0VAKk7/x/H6FyY2zCkYJqePf1G5KmkmNJ4RBA==}

  '@radix-ui/react-arrow@1.1.0':
    resolution: {integrity: sha512-FmlW1rCg7hBpEBwFbjHwCW6AmWLQM6g/v0Sn8XbP9NvmSZ2San1FpQeyPtufzOMSIx7Y4dzjlHoifhp+7NkZhw==}
    peerDependencies:
      '@types/react': '*'
      '@types/react-dom': '*'
      react: ^16.8 || ^17.0 || ^18.0 || ^19.0 || ^19.0.0-rc
      react-dom: ^16.8 || ^17.0 || ^18.0 || ^19.0 || ^19.0.0-rc
    peerDependenciesMeta:
      '@types/react':
        optional: true
      '@types/react-dom':
        optional: true

  '@radix-ui/react-collection@1.1.0':
    resolution: {integrity: sha512-GZsZslMJEyo1VKm5L1ZJY8tGDxZNPAoUeQUIbKeJfoi7Q4kmig5AsgLMYYuyYbfjd8fBmFORAIwYAkXMnXZgZw==}
    peerDependencies:
      '@types/react': '*'
      '@types/react-dom': '*'
      react: ^16.8 || ^17.0 || ^18.0 || ^19.0 || ^19.0.0-rc
      react-dom: ^16.8 || ^17.0 || ^18.0 || ^19.0 || ^19.0.0-rc
    peerDependenciesMeta:
      '@types/react':
        optional: true
      '@types/react-dom':
        optional: true

  '@radix-ui/react-compose-refs@1.1.0':
    resolution: {integrity: sha512-b4inOtiaOnYf9KWyO3jAeeCG6FeyfY6ldiEPanbUjWd+xIk5wZeHa8yVwmrJ2vderhu/BQvzCrJI0lHd+wIiqw==}
    peerDependencies:
      '@types/react': '*'
      react: ^16.8 || ^17.0 || ^18.0 || ^19.0 || ^19.0.0-rc
    peerDependenciesMeta:
      '@types/react':
        optional: true

  '@radix-ui/react-context@1.1.0':
    resolution: {integrity: sha512-OKrckBy+sMEgYM/sMmqmErVn0kZqrHPJze+Ql3DzYsDDp0hl0L62nx/2122/Bvps1qz645jlcu2tD9lrRSdf8A==}
    peerDependencies:
      '@types/react': '*'
      react: ^16.8 || ^17.0 || ^18.0 || ^19.0 || ^19.0.0-rc
    peerDependenciesMeta:
      '@types/react':
        optional: true

  '@radix-ui/react-direction@1.1.0':
    resolution: {integrity: sha512-BUuBvgThEiAXh2DWu93XsT+a3aWrGqolGlqqw5VU1kG7p/ZH2cuDlM1sRLNnY3QcBS69UIz2mcKhMxDsdewhjg==}
    peerDependencies:
      '@types/react': '*'
      react: ^16.8 || ^17.0 || ^18.0 || ^19.0 || ^19.0.0-rc
    peerDependenciesMeta:
      '@types/react':
        optional: true

  '@radix-ui/react-dismissable-layer@1.1.0':
    resolution: {integrity: sha512-/UovfmmXGptwGcBQawLzvn2jOfM0t4z3/uKffoBlj724+n3FvBbZ7M0aaBOmkp6pqFYpO4yx8tSVJjx3Fl2jig==}
    peerDependencies:
      '@types/react': '*'
      '@types/react-dom': '*'
      react: ^16.8 || ^17.0 || ^18.0 || ^19.0 || ^19.0.0-rc
      react-dom: ^16.8 || ^17.0 || ^18.0 || ^19.0 || ^19.0.0-rc
    peerDependenciesMeta:
      '@types/react':
        optional: true
      '@types/react-dom':
        optional: true

  '@radix-ui/react-id@1.1.0':
    resolution: {integrity: sha512-EJUrI8yYh7WOjNOqpoJaf1jlFIH2LvtgAl+YcFqNCa+4hj64ZXmPkAKOFs/ukjz3byN6bdb/AVUqHkI8/uWWMA==}
    peerDependencies:
      '@types/react': '*'
      react: ^16.8 || ^17.0 || ^18.0 || ^19.0 || ^19.0.0-rc
    peerDependenciesMeta:
      '@types/react':
        optional: true

  '@radix-ui/react-popper@1.2.0':
    resolution: {integrity: sha512-ZnRMshKF43aBxVWPWvbj21+7TQCvhuULWJ4gNIKYpRlQt5xGRhLx66tMp8pya2UkGHTSlhpXwmjqltDYHhw7Vg==}
    peerDependencies:
      '@types/react': '*'
      '@types/react-dom': '*'
      react: ^16.8 || ^17.0 || ^18.0 || ^19.0 || ^19.0.0-rc
      react-dom: ^16.8 || ^17.0 || ^18.0 || ^19.0 || ^19.0.0-rc
    peerDependenciesMeta:
      '@types/react':
        optional: true
      '@types/react-dom':
        optional: true

  '@radix-ui/react-portal@1.1.1':
    resolution: {integrity: sha512-A3UtLk85UtqhzFqtoC8Q0KvR2GbXF3mtPgACSazajqq6A41mEQgo53iPzY4i6BwDxlIFqWIhiQ2G729n+2aw/g==}
    peerDependencies:
      '@types/react': '*'
      '@types/react-dom': '*'
      react: ^16.8 || ^17.0 || ^18.0 || ^19.0 || ^19.0.0-rc
      react-dom: ^16.8 || ^17.0 || ^18.0 || ^19.0 || ^19.0.0-rc
    peerDependenciesMeta:
      '@types/react':
        optional: true
      '@types/react-dom':
        optional: true

  '@radix-ui/react-presence@1.1.0':
    resolution: {integrity: sha512-Gq6wuRN/asf9H/E/VzdKoUtT8GC9PQc9z40/vEr0VCJ4u5XvvhWIrSsCB6vD2/cH7ugTdSfYq9fLJCcM00acrQ==}
    peerDependencies:
      '@types/react': '*'
      '@types/react-dom': '*'
      react: ^16.8 || ^17.0 || ^18.0 || ^19.0 || ^19.0.0-rc
      react-dom: ^16.8 || ^17.0 || ^18.0 || ^19.0 || ^19.0.0-rc
    peerDependenciesMeta:
      '@types/react':
        optional: true
      '@types/react-dom':
        optional: true

  '@radix-ui/react-primitive@2.0.0':
    resolution: {integrity: sha512-ZSpFm0/uHa8zTvKBDjLFWLo8dkr4MBsiDLz0g3gMUwqgLHz9rTaRRGYDgvZPtBJgYCBKXkS9fzmoySgr8CO6Cw==}
    peerDependencies:
      '@types/react': '*'
      '@types/react-dom': '*'
      react: ^16.8 || ^17.0 || ^18.0 || ^19.0 || ^19.0.0-rc
      react-dom: ^16.8 || ^17.0 || ^18.0 || ^19.0 || ^19.0.0-rc
    peerDependenciesMeta:
      '@types/react':
        optional: true
      '@types/react-dom':
        optional: true

  '@radix-ui/react-roving-focus@1.1.0':
    resolution: {integrity: sha512-EA6AMGeq9AEeQDeSH0aZgG198qkfHSbvWTf1HvoDmOB5bBG/qTxjYMWUKMnYiV6J/iP/J8MEFSuB2zRU2n7ODA==}
    peerDependencies:
      '@types/react': '*'
      '@types/react-dom': '*'
      react: ^16.8 || ^17.0 || ^18.0 || ^19.0 || ^19.0.0-rc
      react-dom: ^16.8 || ^17.0 || ^18.0 || ^19.0 || ^19.0.0-rc
    peerDependenciesMeta:
      '@types/react':
        optional: true
      '@types/react-dom':
        optional: true

  '@radix-ui/react-scroll-area@1.1.0':
    resolution: {integrity: sha512-9ArIZ9HWhsrfqS765h+GZuLoxaRHD/j0ZWOWilsCvYTpYJp8XwCqNG7Dt9Nu/TItKOdgLGkOPCodQvDc+UMwYg==}
    peerDependencies:
      '@types/react': '*'
      '@types/react-dom': '*'
      react: ^16.8 || ^17.0 || ^18.0 || ^19.0 || ^19.0.0-rc
      react-dom: ^16.8 || ^17.0 || ^18.0 || ^19.0 || ^19.0.0-rc
    peerDependenciesMeta:
      '@types/react':
        optional: true
      '@types/react-dom':
        optional: true

  '@radix-ui/react-slot@1.1.0':
    resolution: {integrity: sha512-FUCf5XMfmW4dtYl69pdS4DbxKy8nj4M7SafBgPllysxmdachynNflAdp/gCsnYWNDnge6tI9onzMp5ARYc1KNw==}
    peerDependencies:
      '@types/react': '*'
      react: ^16.8 || ^17.0 || ^18.0 || ^19.0 || ^19.0.0-rc
    peerDependenciesMeta:
      '@types/react':
        optional: true

  '@radix-ui/react-tabs@1.1.0':
    resolution: {integrity: sha512-bZgOKB/LtZIij75FSuPzyEti/XBhJH52ExgtdVqjCIh+Nx/FW+LhnbXtbCzIi34ccyMsyOja8T0thCzoHFXNKA==}
    peerDependencies:
      '@types/react': '*'
      '@types/react-dom': '*'
      react: ^16.8 || ^17.0 || ^18.0 || ^19.0 || ^19.0.0-rc
      react-dom: ^16.8 || ^17.0 || ^18.0 || ^19.0 || ^19.0.0-rc
    peerDependenciesMeta:
      '@types/react':
        optional: true
      '@types/react-dom':
        optional: true

  '@radix-ui/react-tooltip@1.1.2':
    resolution: {integrity: sha512-9XRsLwe6Yb9B/tlnYCPVUd/TFS4J7HuOZW345DCeC6vKIxQGMZdx21RK4VoZauPD5frgkXTYVS5y90L+3YBn4w==}
    peerDependencies:
      '@types/react': '*'
      '@types/react-dom': '*'
      react: ^16.8 || ^17.0 || ^18.0 || ^19.0 || ^19.0.0-rc
      react-dom: ^16.8 || ^17.0 || ^18.0 || ^19.0 || ^19.0.0-rc
    peerDependenciesMeta:
      '@types/react':
        optional: true
      '@types/react-dom':
        optional: true

  '@radix-ui/react-use-callback-ref@1.1.0':
    resolution: {integrity: sha512-CasTfvsy+frcFkbXtSJ2Zu9JHpN8TYKxkgJGWbjiZhFivxaeW7rMeZt7QELGVLaYVfFMsKHjb7Ak0nMEe+2Vfw==}
    peerDependencies:
      '@types/react': '*'
      react: ^16.8 || ^17.0 || ^18.0 || ^19.0 || ^19.0.0-rc
    peerDependenciesMeta:
      '@types/react':
        optional: true

  '@radix-ui/react-use-controllable-state@1.1.0':
    resolution: {integrity: sha512-MtfMVJiSr2NjzS0Aa90NPTnvTSg6C/JLCV7ma0W6+OMV78vd8OyRpID+Ng9LxzsPbLeuBnWBA1Nq30AtBIDChw==}
    peerDependencies:
      '@types/react': '*'
      react: ^16.8 || ^17.0 || ^18.0 || ^19.0 || ^19.0.0-rc
    peerDependenciesMeta:
      '@types/react':
        optional: true

  '@radix-ui/react-use-escape-keydown@1.1.0':
    resolution: {integrity: sha512-L7vwWlR1kTTQ3oh7g1O0CBF3YCyyTj8NmhLR+phShpyA50HCfBFKVJTpshm9PzLiKmehsrQzTYTpX9HvmC9rhw==}
    peerDependencies:
      '@types/react': '*'
      react: ^16.8 || ^17.0 || ^18.0 || ^19.0 || ^19.0.0-rc
    peerDependenciesMeta:
      '@types/react':
        optional: true

  '@radix-ui/react-use-layout-effect@1.1.0':
    resolution: {integrity: sha512-+FPE0rOdziWSrH9athwI1R0HDVbWlEhd+FR+aSDk4uWGmSJ9Z54sdZVDQPZAinJhJXwfT+qnj969mCsT2gfm5w==}
    peerDependencies:
      '@types/react': '*'
      react: ^16.8 || ^17.0 || ^18.0 || ^19.0 || ^19.0.0-rc
    peerDependenciesMeta:
      '@types/react':
        optional: true

  '@radix-ui/react-use-rect@1.1.0':
    resolution: {integrity: sha512-0Fmkebhr6PiseyZlYAOtLS+nb7jLmpqTrJyv61Pe68MKYW6OWdRE2kI70TaYY27u7H0lajqM3hSMMLFq18Z7nQ==}
    peerDependencies:
      '@types/react': '*'
      react: ^16.8 || ^17.0 || ^18.0 || ^19.0 || ^19.0.0-rc
    peerDependenciesMeta:
      '@types/react':
        optional: true

  '@radix-ui/react-use-size@1.1.0':
    resolution: {integrity: sha512-XW3/vWuIXHa+2Uwcc2ABSfcCledmXhhQPlGbfcRXbiUQI5Icjcg19BGCZVKKInYbvUCut/ufbbLLPFC5cbb1hw==}
    peerDependencies:
      '@types/react': '*'
      react: ^16.8 || ^17.0 || ^18.0 || ^19.0 || ^19.0.0-rc
    peerDependenciesMeta:
      '@types/react':
        optional: true

  '@radix-ui/react-visually-hidden@1.1.0':
    resolution: {integrity: sha512-N8MDZqtgCgG5S3aV60INAB475osJousYpZ4cTJ2cFbMpdHS5Y6loLTH8LPtkj2QN0x93J30HT/M3qJXM0+lyeQ==}
    peerDependencies:
      '@types/react': '*'
      '@types/react-dom': '*'
      react: ^16.8 || ^17.0 || ^18.0 || ^19.0 || ^19.0.0-rc
      react-dom: ^16.8 || ^17.0 || ^18.0 || ^19.0 || ^19.0.0-rc
    peerDependenciesMeta:
      '@types/react':
        optional: true
      '@types/react-dom':
        optional: true

  '@radix-ui/rect@1.1.0':
    resolution: {integrity: sha512-A9+lCBZoaMJlVKcRBz2YByCG+Cp2t6nAnMnNba+XiWxnj6r4JUFqfsgwocMBZU9LPtdxC6wB56ySYpc7LQIoJg==}

  '@types/d3-array@3.2.1':
    resolution: {integrity: sha512-Y2Jn2idRrLzUfAKV2LyRImR+y4oa2AntrgID95SHJxuMUrkNXmanDSed71sRNZysveJVt1hLLemQZIady0FpEg==}

  '@types/d3-color@3.1.3':
    resolution: {integrity: sha512-iO90scth9WAbmgv7ogoq57O9YpKmFBbmoEoCHDB2xMBY0+/KVrqAaCDyCE16dUspeOvIxFFRI+0sEtqDqy2b4A==}

  '@types/d3-ease@3.0.2':
    resolution: {integrity: sha512-NcV1JjO5oDzoK26oMzbILE6HW7uVXOHLQvHshBUW4UMdZGfiY6v5BeQwh9a9tCzv+CeefZQHJt5SRgK154RtiA==}

  '@types/d3-interpolate@3.0.4':
    resolution: {integrity: sha512-mgLPETlrpVV1YRJIglr4Ez47g7Yxjl1lj7YKsiMCb27VJH9W8NVM6Bb9d8kkpG/uAQS5AmbA48q2IAolKKo1MA==}

  '@types/d3-path@3.1.0':
    resolution: {integrity: sha512-P2dlU/q51fkOc/Gfl3Ul9kicV7l+ra934qBFXCFhrZMOL6du1TM0pm1ThYvENukyOn5h9v+yMJ9Fn5JK4QozrQ==}

  '@types/d3-scale@4.0.8':
    resolution: {integrity: sha512-gkK1VVTr5iNiYJ7vWDI+yUFFlszhNMtVeneJ6lUTKPjprsvLLI9/tgEGiXJOnlINJA8FyA88gfnQsHbybVZrYQ==}

  '@types/d3-shape@3.1.6':
    resolution: {integrity: sha512-5KKk5aKGu2I+O6SONMYSNflgiP0WfZIQvVUMan50wHsLG1G94JlxEVnCpQARfTtzytuY0p/9PXXZb3I7giofIA==}

  '@types/d3-time@3.0.3':
    resolution: {integrity: sha512-2p6olUZ4w3s+07q3Tm2dbiMZy5pCDfYwtLXXHUnVzXgQlZ/OyPtUz6OL382BkOuGlLXqfT+wqv8Fw2v8/0geBw==}

  '@types/d3-timer@3.0.2':
    resolution: {integrity: sha512-Ps3T8E8dZDam6fUyNiMkekK3XUsaUEik+idO9/YjPtfj2qruF8tFBXS7XhtE4iIXBLxhmLjP3SXpLhVf21I9Lw==}

  acorn@5.7.4:
    resolution: {integrity: sha512-1D++VG7BhrtvQpNbBzovKNc1FLGGEE/oGe7b9xJm/RFHMBeUaUGpluV9RLjZa47YFdPcDAenEYuq9pQPcMdLJg==}
    engines: {node: '>=0.4.0'}
    hasBin: true

  amdefine@1.0.1:
    resolution: {integrity: sha512-S2Hw0TtNkMJhIabBwIojKL9YHO5T0n5eNqWJ7Lrlel/zDbftQpxpapi8tZs3X1HWa+u+QeydGmzzNU0m09+Rcg==}
    engines: {node: '>=0.4.2'}

  asap@2.0.6:
    resolution: {integrity: sha512-BSHWgDSAiKs50o2Re8ppvp3seVHXSRM44cdSsT9FfNEUUZLOGWVCsiWaRPWM1Znn+mqZ1OfVZ3z3DWEzSp7hRA==}

  ast-types@0.9.6:
    resolution: {integrity: sha512-qEdtR2UH78yyHX/AUNfXmJTlM48XoFZKBdwi1nzkI1mJL21cmbu0cvjxjpkXJ5NENMq42H+hNs8VLJcqXLerBQ==}
    engines: {node: '>= 0.8'}

  balanced-match@1.0.2:
    resolution: {integrity: sha512-3oSeUO0TMV67hN1AmbXsK4yaqU7tjiHlbxRDZOpH0KW9+CeX4bRAaX0Anxt0tx2MrpRpWwQaPwIlISEJhYU5Pw==}

  base62@1.2.8:
    resolution: {integrity: sha512-V6YHUbjLxN1ymqNLb1DPHoU1CpfdL7d2YTIp5W3U4hhoG4hhxNmsFDs66M9EXxBiSEke5Bt5dwdfMwwZF70iLA==}

  brace-expansion@1.1.11:
    resolution: {integrity: sha512-iCuPHDFgrHX7H2vEI/5xpz07zSHB00TpugqhmYtVmMO6518mCuRMoOYFldEBl0g187ufozdaHgWKcYFb61qGiA==}

  clsx@2.1.1:
    resolution: {integrity: sha512-eYm0QWBtUrBWZWG0d386OGAw16Z995PiOVo2B7bjWSbHedGl5e0ZWaq65kOGgUSNesEIDkB9ISbTg/JK9dhCZA==}
    engines: {node: '>=6'}

  commander@2.20.3:
    resolution: {integrity: sha512-GpVkmM8vF2vQUkj2LvZmD35JxeJOLCwJ9cUkugyk2nuhbv3+mJvpLYYt+0+USMxE+oj+ey/lJEnhZw75x/OMcQ==}

  commoner@0.10.8:
    resolution: {integrity: sha512-3/qHkNMM6o/KGXHITA14y78PcfmXh4+AOCJpSoF73h4VY1JpdGv3CHMS5+JW6SwLhfJt4RhNmLAa7+RRX/62EQ==}
    engines: {node: '>= 0.8'}
    hasBin: true

  concat-map@0.0.1:
    resolution: {integrity: sha512-/Srv4dswyQNBfohGpz9o6Yb3Gz3SrUDqBH5rTuhGR7ahtlbYKnVxw2bCFMRljaA7EXHaXZ8wsHdodFvbkhKmqg==}

  core-js@1.2.7:
    resolution: {integrity: sha512-ZiPp9pZlgxpWRu0M+YWbm6+aQ84XEfH1JRXvfOc/fILWI0VKhLC2LX13X1NYq4fULzLMq7Hfh43CSo2/aIaUPA==}
    deprecated: core-js@<3.23.3 is no longer maintained and not recommended for usage due to the number of issues. Because of the V8 engine whims, feature detection in old core-js versions could cause a slowdown up to 100x even if nothing is polyfilled. Some versions have web compatibility issues. Please, upgrade your dependencies to the actual version of core-js.

  csstype@3.1.3:
    resolution: {integrity: sha512-M1uQkMl8rQK/szD0LNhtqxIPLpimGm8sOBwU7lLnCpSbTyY3yeU1Vc7l4KT5zT4s/yOxHH5O7tIuuLOCnLADRw==}

  d3-array@3.2.4:
    resolution: {integrity: sha512-tdQAmyA18i4J7wprpYq8ClcxZy3SC31QMeByyCFyRt7BVHdREQZ5lpzoe5mFEYZUWe+oq8HBvk9JjpibyEV4Jg==}
    engines: {node: '>=12'}

  d3-color@3.1.0:
    resolution: {integrity: sha512-zg/chbXyeBtMQ1LbD/WSoW2DpC3I0mpmPdW+ynRTj/x2DAWYrIY7qeZIHidozwV24m4iavr15lNwIwLxRmOxhA==}
    engines: {node: '>=12'}

  d3-ease@3.0.1:
    resolution: {integrity: sha512-wR/XK3D3XcLIZwpbvQwQ5fK+8Ykds1ip7A2Txe0yxncXSdq1L9skcG7blcedkOX+ZcgxGAmLX1FrRGbADwzi0w==}
    engines: {node: '>=12'}

  d3-format@3.1.0:
    resolution: {integrity: sha512-YyUI6AEuY/Wpt8KWLgZHsIU86atmikuoOmCfommt0LYHiQSPjvX2AcFc38PX0CBpr2RCyZhjex+NS/LPOv6YqA==}
    engines: {node: '>=12'}

  d3-interpolate@3.0.1:
    resolution: {integrity: sha512-3bYs1rOD33uo8aqJfKP3JWPAibgw8Zm2+L9vBKEHJ2Rg+viTR7o5Mmv5mZcieN+FRYaAOWX5SJATX6k1PWz72g==}
    engines: {node: '>=12'}

  d3-path@3.1.0:
    resolution: {integrity: sha512-p3KP5HCf/bvjBSSKuXid6Zqijx7wIfNW+J/maPs+iwR35at5JCbLUT0LzF1cnjbCHWhqzQTIN2Jpe8pRebIEFQ==}
    engines: {node: '>=12'}

  d3-scale@4.0.2:
    resolution: {integrity: sha512-GZW464g1SH7ag3Y7hXjf8RoUuAFIqklOAq3MRl4OaWabTFJY9PN/E1YklhXLh+OQ3fM9yS2nOkCoS+WLZ6kvxQ==}
    engines: {node: '>=12'}

  d3-shape@3.2.0:
    resolution: {integrity: sha512-SaLBuwGm3MOViRq2ABk3eLoxwZELpH6zhl3FbAoJ7Vm1gofKx6El1Ib5z23NUEhF9AsGl7y+dzLe5Cw2AArGTA==}
    engines: {node: '>=12'}

  d3-time-format@4.1.0:
    resolution: {integrity: sha512-dJxPBlzC7NugB2PDLwo9Q8JiTR3M3e4/XANkreKSUxF8vvXKqm1Yfq4Q5dl8budlunRVlUUaDUgFt7eA8D6NLg==}
    engines: {node: '>=12'}

  d3-time@3.1.0:
    resolution: {integrity: sha512-VqKjzBLejbSMT4IgbmVgDjpkYrNWUYJnbCGo874u7MMKIWsILRX+OpX/gTk8MqjpT1A/c6HY2dCA77ZN0lkQ2Q==}
    engines: {node: '>=12'}

  d3-timer@3.0.1:
    resolution: {integrity: sha512-ndfJ/JxxMd3nw31uyKoY2naivF+r29V+Lc0svZxe1JvvIRmi8hUsrMvdOwgS1o6uBHmiz91geQ0ylPP0aj1VUA==}
    engines: {node: '>=12'}

  decimal.js-light@2.5.1:
    resolution: {integrity: sha512-qIMFpTMZmny+MMIitAB6D7iVPEorVw6YQRWkvarTkT4tBeSLLiHzcwj6q0MmYSFCiVpiqPJTJEYIrpcPzVEIvg==}

  defined@1.0.1:
    resolution: {integrity: sha512-hsBd2qSVCRE+5PmNdHt1uzyrFu5d3RwmFDKzyNZMFq/EwDNJF7Ee5+D5oEKF0hU6LhtoUF1macFvOe4AskQC1Q==}

  detective@4.7.1:
    resolution: {integrity: sha512-H6PmeeUcZloWtdt4DAkFyzFL94arpHr3NOwwmVILFiy+9Qd4JTxxXrzfyGk/lmct2qVGBwTSwSXagqu2BxmWig==}

  dom-helpers@5.2.1:
    resolution: {integrity: sha512-nRCa7CK3VTrM2NmGkIy4cbK7IZlgBE/PYMn55rrXefr5xXDP0LdtfPnblFDoVdcAfslJ7or6iqAUnx0CCGIWQA==}

  envify@3.4.1:
    resolution: {integrity: sha512-XLiBFsLtNF0MOZl+vWU59yPb3C2JtrQY2CNJn22KH75zPlHWY5ChcAQuf4knJeWT/lLkrx3sqvhP/J349bt4Bw==}
    hasBin: true

  esprima-fb@15001.1.0-dev-harmony-fb:
    resolution: {integrity: sha512-59dDGQo2b3M/JfKIws0/z8dcXH2mnVHkfSPRhCYS91JNGfGNwr7GsSF6qzWZuOGvw5Ii0w9TtylrX07MGmlOoQ==}
    engines: {node: '>=0.4.0'}
    hasBin: true

  esprima@3.1.3:
    resolution: {integrity: sha512-AWwVMNxwhN8+NIPQzAQZCm7RkLC4RbM3B1OobMuyp3i+w73X57KCKaVIxaRZb+DYCojq7rspo+fmuQfAboyhFg==}
    engines: {node: '>=4'}
    hasBin: true

  eventemitter3@4.0.7:
    resolution: {integrity: sha512-8guHBZCwKnFhYdHr2ysuRWErTwhoN2X8XELRlrRwpmfeY2jjuUN4taQMsULKUVo1K4DvZl+0pgfyoysHxvmvEw==}

  fast-equals@5.0.1:
    resolution: {integrity: sha512-WF1Wi8PwwSY7/6Kx0vKXtw8RwuSGoM1bvDaJbu7MxDlR1vovZjIAKrnzyrThgAjm6JDTu0fVgWXDlMGspodfoQ==}
    engines: {node: '>=6.0.0'}

  fbjs@0.6.1:
    resolution: {integrity: sha512-4KW7tT33ytfazK3Ekvesbsa4A5J79hUrdXONQGZ0wM6i3PFc70YknF9kj1eyx3mDupgJ7Z+ifFhcMJ+ps2eZIw==}

  glob@5.0.15:
    resolution: {integrity: sha512-c9IPMazfRITpmAAKi22dK1VKxGDX9ehhqfABDriL/lzO92xcUKEJPQHrVA/2YHSNFB4iFlykVmWvwo48nr3OxA==}
    deprecated: Glob versions prior to v9 are no longer supported

  graceful-fs@4.2.11:
    resolution: {integrity: sha512-RbJ5/jmFcNNCcDV5o9eTnBLJ/HszWV0P73bc+Ff4nS/rJj+YaS6IGyiOL0VoBYX+l1Wrl3k63h/KrH+nhJ0XvQ==}

  iconv-lite@0.4.24:
    resolution: {integrity: sha512-v3MXnZAcvnywkTUEZomIActle7RXXeedOR31wwl7VlyoXO4Qi9arvSenNQWne1TcRwhCL1HwLI21bEqdpj8/rA==}
    engines: {node: '>=0.10.0'}

  inflight@1.0.6:
    resolution: {integrity: sha512-k92I/b08q4wvFscXCLvqfsHCrjrF7yiXsQuIVvVE7N82W3+aqpzuUdBbfhWcy/FZR3/4IgflMgKLOsvPDrGCJA==}
    deprecated: This module is not supported, and leaks memory. Do not use it. Check out lru-cache if you want a good and tested way to coalesce async requests by a key value, which is much more comprehensive and powerful.

  inherits@2.0.4:
    resolution: {integrity: sha512-k/vGaX4/Yla3WzyMCvTQOXYeIHvqOKtnqBduzTHpzpQZzAskKMhZ2K+EnBiSM9zGSoIFeMpXKxa4dYeZIQqewQ==}

  internmap@2.0.3:
    resolution: {integrity: sha512-5Hh7Y1wQbvY5ooGgPbDaL5iYLAPzMTUrjMulskHLH6wnv/A+1q5rgEaiuqEjB+oxGXIVZs1FF+R/KPN3ZSQYYg==}
    engines: {node: '>=12'}

  js-tokens@4.0.0:
    resolution: {integrity: sha512-RdJUflcE3cUzKiMqQgsCu06FPu9UdIJO0beYbPhHN4k6apgJtifcoCtT9bcxOpYBtpD2kCM6Sbzg4CausW/PKQ==}

  jstransform@11.0.3:
    resolution: {integrity: sha512-LGm87w0A8E92RrcXt94PnNHkFqHmgDy3mKHvNZOG7QepKCTCH/VB6S+IEN+bT4uLN3gVpOT0vvOOVd96osG71g==}
    engines: {node: '>=0.8.8'}
    hasBin: true

  lodash@4.17.21:
    resolution: {integrity: sha512-v2kDEe57lecTulaDIuNTPy3Ry4gLGJ6Z1O3vE1krgXZNrsQ+LFTGHVxVjcXPs17LhbZVGedAJv8XZ1tvj5FvSg==}

  loose-envify@1.4.0:
    resolution: {integrity: sha512-lyuxPGr/Wfhrlem2CL/UcnUc1zcqKAImBDzukY7Y5F/yQiNdko6+fRLevlw1HgMySw7f611UIY408EtxRSoK3Q==}
    hasBin: true

  minimatch@3.1.2:
    resolution: {integrity: sha512-J7p63hRiAjw1NDEww1W7i37+ByIrOWO5XQQAzZ3VOcL0PNybwpfmV/N05zFAzwQ9USyEcX6t3UO+K5aqBQOIHw==}

  minimist@1.2.8:
    resolution: {integrity: sha512-2yyAR8qBkN3YuheJanUpWC5U3bb5osDywNB8RzDVlDwDHbocAJveqqj1u8+SVD7jkWT4yvsHCpWqqWqAxb0zCA==}

  mkdirp@0.5.6:
    resolution: {integrity: sha512-FP+p8RB8OWpF3YZBCrP5gtADmtXApB5AMLn+vdyA+PyxCjrCs00mjyUozssO33cwDeT3wNGdLxJ5M//YqtHAJw==}
    hasBin: true

  object-assign@2.1.1:
    resolution: {integrity: sha512-CdsOUYIh5wIiozhJ3rLQgmUTgcyzFwZZrqhkKhODMoGtPKM+wt0h0CNIoauJWMsS9822EdzPsF/6mb4nLvPN5g==}
    engines: {node: '>=0.10.0'}

  object-assign@4.1.1:
    resolution: {integrity: sha512-rJgTQnkUnH1sFw8yT6VSU3zD3sWmu6sZhIseY8VX+GRu3P6F7Fu+JNDoXfklElbLJSnc3FUQHVe4cU5hj+BcUg==}
    engines: {node: '>=0.10.0'}

  once@1.4.0:
    resolution: {integrity: sha512-lNaJgI+2Q5URQBkccEKHTQOPaXdUxnZZElQTZY0MFUAuaEqe1E+Nyvgdz/aIyNi6Z9MzO5dv1H8n58/GELp3+w==}

  path-is-absolute@1.0.1:
    resolution: {integrity: sha512-AVbw3UJ2e9bq64vSaS9Am0fje1Pa8pbGqTTsmXfaIiMpnr5DlDhfJOuLj9Sf95ZPVDAUerDfEk88MPmPe7UCQg==}
    engines: {node: '>=0.10.0'}

  private@0.1.8:
    resolution: {integrity: sha512-VvivMrbvd2nKkiG38qjULzlc+4Vx4wm/whI9pQD35YrARNnhxeiRktSOhSukRLFNlzg6Br/cJPet5J/u19r/mg==}
    engines: {node: '>= 0.6'}

  promise@7.3.1:
    resolution: {integrity: sha512-nolQXZ/4L+bP/UGlkfaIujX9BKxGwmQ9OT4mOt5yvy8iK1h3wqTEJCijzGANTCCl9nWjY41juyAn2K3Q1hLLTg==}

  prop-types@15.8.1:
    resolution: {integrity: sha512-oj87CgZICdulUohogVAR7AjlC0327U4el4L6eAvOqCeudMDVU0NThNaV+b9Df4dXgSP1gXMTnPdhfe/2qDH5cg==}

  q@1.5.1:
    resolution: {integrity: sha512-kV/CThkXo6xyFEZUugw/+pIOywXcDbFYgSct5cT3gqlbkBE1SJdwy6UQoZvodiWF/ckQLZyDE/Bu1M6gVu5lVw==}
    engines: {node: '>=0.6.0', teleport: '>=0.2.0'}
    deprecated: |-
      You or someone you depend on is using Q, the JavaScript Promise library that gave JavaScript developers strong feelings about promises. They can almost certainly migrate to the native JavaScript promise now. Thank you literally everyone for joining me in this bet against the odds. Be excellent to each other.

      (For a CapTP with native promises, see @endo/eventual-send and @endo/captp)

  react-dom@18.3.1:
    resolution: {integrity: sha512-5m4nQKp+rZRb09LNH59GM4BxTh9251/ylbKIbpe7TpGxfJ+9kv6BLkLBXIjjspbgbnIBNqlI23tRnTWT0snUIw==}
    peerDependencies:
      react: ^18.3.1

  react-is@16.13.1:
    resolution: {integrity: sha512-24e6ynE2H+OKt4kqsOvNd8kBpV65zoxbA4BVsEOB3ARVWQki/DHzaUoC5KuON/BiccDaCCTZBuOcfZs70kR8bQ==}

  react-resizable-panels@2.0.23:
    resolution: {integrity: sha512-8ZKTwTU11t/FYwiwhMdtZYYyFxic5U5ysRu2YwfkAgDbUJXFvnWSJqhnzkSlW+mnDoNAzDCrJhdOSXBPA76wug==}
    peerDependencies:
      react: ^16.14.0 || ^17.0.0 || ^18.0.0
      react-dom: ^16.14.0 || ^17.0.0 || ^18.0.0

  react-smooth@4.0.1:
    resolution: {integrity: sha512-OE4hm7XqR0jNOq3Qmk9mFLyd6p2+j6bvbPJ7qlB7+oo0eNcL2l7WQzG6MBnT3EXY6xzkLMUBec3AfewJdA0J8w==}
    peerDependencies:
      react: ^16.8.0 || ^17.0.0 || ^18.0.0
      react-dom: ^16.8.0 || ^17.0.0 || ^18.0.0

  react-transition-group@4.4.5:
    resolution: {integrity: sha512-pZcd1MCJoiKiBR2NRxeCRg13uCXbydPnmB4EOeRrY7480qNWO8IIgQG6zlDkm6uRMsURXPuKq0GWtiM59a5Q6g==}
    peerDependencies:
      react: '>=16.6.0'
      react-dom: '>=16.6.0'

  react@0.14.10:
    resolution: {integrity: sha512-yxMw5aorZG4qsLVBfjae4wGFvd5708DhcxaXLJ3IOTgr1TCs8k9+ZheGgLGr5OfwWMhSahNbGvvoEDzrxVWouA==}
    engines: {node: '>=0.10.0'}

  recast@0.11.23:
    resolution: {integrity: sha512-+nixG+3NugceyR8O1bLU45qs84JgI3+8EauyRZafLgC9XbdAOIVgwV1Pe2da0YzGo62KzWoZwUpVEQf6qNAXWA==}
    engines: {node: '>= 0.8'}

  recharts-scale@0.4.5:
    resolution: {integrity: sha512-kivNFO+0OcUNu7jQquLXAxz1FIwZj8nrj+YkOKc5694NbjCvcT6aSZiIzNzd2Kul4o4rTto8QVR9lMNtxD4G1w==}

  recharts@2.12.7:
    resolution: {integrity: sha512-hlLJMhPQfv4/3NBSAyq3gzGg4h2v69RJh6KU7b3pXYNNAELs9kEoXOjbkxdXpALqKBoVmVptGfLpxdaVYqjmXQ==}
    engines: {node: '>=14'}
    peerDependencies:
      react: ^16.0.0 || ^17.0.0 || ^18.0.0
      react-dom: ^16.0.0 || ^17.0.0 || ^18.0.0

  regenerator-runtime@0.14.1:
    resolution: {integrity: sha512-dYnhHh0nJoMfnkZs6GmmhFknAGRrLznOu5nc9ML+EJxGvrx6H7teuevqVqCuPcPK//3eDrrjQhehXVx9cnkGdw==}

  safer-buffer@2.1.2:
    resolution: {integrity: sha512-YZo3K82SD7Riyi0E1EQPojLz7kpepnSQI9IyPbHHg1XXXevb5dJI7tpyN2ADxGcQbHG7vcyRHk0cbwqcQriUtg==}

  scheduler@0.23.2:
    resolution: {integrity: sha512-UOShsPwz7NrMUqhR6t0hWjFduvOzbtv7toDH1/hIrfRNIDBnnBWd0CwJTGvTpngVlmwGCdP9/Zl/tVrDqcuYzQ==}

  source-map@0.4.4:
    resolution: {integrity: sha512-Y8nIfcb1s/7DcobUz1yOO1GSp7gyL+D9zLHDehT7iRESqGSxjJ448Sg7rvfgsRJCnKLdSl11uGf0s9X80cH0/A==}
    engines: {node: '>=0.8.0'}

  source-map@0.5.7:
    resolution: {integrity: sha512-LbrmJOMUSdEVxIKvdcJzQC+nQhe8FUZQTXQy6+I75skNgn3OoQ0DZA8YnFa7gp8tqtL3KPf1kmo0R5DoApeSGQ==}
    engines: {node: '>=0.10.0'}

  through@2.3.8:
    resolution: {integrity: sha512-w89qg7PI8wAdvX60bMDP+bFoD5Dvhm9oLheFp5O4a2QF0cSBGsBX4qZmadPMvVqlLJBBci+WqGGOAPvcDeNSVg==}

  tiny-invariant@1.3.3:
    resolution: {integrity: sha512-+FbBPE1o9QAYvviau/qC5SE3caw21q3xkvWKBtja5vgqOWIHHJ3ioaq1VPfn/Szqctz2bU/oYeKd9/z5BL+PVg==}

  ua-parser-js@0.7.38:
    resolution: {integrity: sha512-fYmIy7fKTSFAhG3fuPlubeGaMoAd6r0rSnfEsO5nEY55i26KSLt9EH7PLQiiqPUhNqYIJvSkTy1oArIcXAbPbA==}

  victory-vendor@36.9.2:
    resolution: {integrity: sha512-PnpQQMuxlwYdocC8fIJqVXvkeViHYzotI+NJrCuav0ZYFoq912ZHBk3mCeuj+5/VpodOjPe1z0Fk2ihgzlXqjQ==}

  whatwg-fetch@0.9.0:
    resolution: {integrity: sha512-DIuh7/cloHxHYwS/oRXGgkALYAntijL63nsgMQsNSnBj825AysosAqA2ZbYXGRqpPRiNH7335dTqV364euRpZw==}

  wrappy@1.0.2:
    resolution: {integrity: sha512-l4Sp/DRseor9wL6EvV2+TuQn63dMkPjZ/sp9XkghTEbV9KlPS1xUsZ3u7/IQO4wxtcFB4bgpQPRcR3QCvezPcQ==}

snapshots:

  '@babel/runtime@7.25.0':
    dependencies:
      regenerator-runtime: 0.14.1

  '@floating-ui/core@1.6.4':
    dependencies:
      '@floating-ui/utils': 0.2.4

  '@floating-ui/dom@1.6.7':
    dependencies:
      '@floating-ui/core': 1.6.4
      '@floating-ui/utils': 0.2.4

  '@floating-ui/react-dom@2.1.1(react-dom@18.3.1(react@0.14.10))(react@0.14.10)':
    dependencies:
      '@floating-ui/dom': 1.6.7
      react: 0.14.10
      react-dom: 18.3.1(react@0.14.10)

  '@floating-ui/utils@0.2.4': {}

  '@radix-ui/number@1.1.0': {}

  '@radix-ui/primitive@1.1.0': {}

  '@radix-ui/react-arrow@1.1.0(react-dom@18.3.1(react@0.14.10))(react@0.14.10)':
    dependencies:
      '@radix-ui/react-primitive': 2.0.0(react-dom@18.3.1(react@0.14.10))(react@0.14.10)
      react: 0.14.10
      react-dom: 18.3.1(react@0.14.10)

  '@radix-ui/react-collection@1.1.0(react-dom@18.3.1(react@0.14.10))(react@0.14.10)':
    dependencies:
      '@radix-ui/react-compose-refs': 1.1.0(react@0.14.10)
      '@radix-ui/react-context': 1.1.0(react@0.14.10)
      '@radix-ui/react-primitive': 2.0.0(react-dom@18.3.1(react@0.14.10))(react@0.14.10)
      '@radix-ui/react-slot': 1.1.0(react@0.14.10)
      react: 0.14.10
      react-dom: 18.3.1(react@0.14.10)

  '@radix-ui/react-compose-refs@1.1.0(react@0.14.10)':
    dependencies:
      react: 0.14.10

  '@radix-ui/react-context@1.1.0(react@0.14.10)':
    dependencies:
      react: 0.14.10

  '@radix-ui/react-direction@1.1.0(react@0.14.10)':
    dependencies:
      react: 0.14.10

  '@radix-ui/react-dismissable-layer@1.1.0(react-dom@18.3.1(react@0.14.10))(react@0.14.10)':
    dependencies:
      '@radix-ui/primitive': 1.1.0
      '@radix-ui/react-compose-refs': 1.1.0(react@0.14.10)
      '@radix-ui/react-primitive': 2.0.0(react-dom@18.3.1(react@0.14.10))(react@0.14.10)
      '@radix-ui/react-use-callback-ref': 1.1.0(react@0.14.10)
      '@radix-ui/react-use-escape-keydown': 1.1.0(react@0.14.10)
      react: 0.14.10
      react-dom: 18.3.1(react@0.14.10)

  '@radix-ui/react-id@1.1.0(react@0.14.10)':
    dependencies:
      '@radix-ui/react-use-layout-effect': 1.1.0(react@0.14.10)
      react: 0.14.10

  '@radix-ui/react-popper@1.2.0(react-dom@18.3.1(react@0.14.10))(react@0.14.10)':
    dependencies:
      '@floating-ui/react-dom': 2.1.1(react-dom@18.3.1(react@0.14.10))(react@0.14.10)
      '@radix-ui/react-arrow': 1.1.0(react-dom@18.3.1(react@0.14.10))(react@0.14.10)
      '@radix-ui/react-compose-refs': 1.1.0(react@0.14.10)
      '@radix-ui/react-context': 1.1.0(react@0.14.10)
      '@radix-ui/react-primitive': 2.0.0(react-dom@18.3.1(react@0.14.10))(react@0.14.10)
      '@radix-ui/react-use-callback-ref': 1.1.0(react@0.14.10)
      '@radix-ui/react-use-layout-effect': 1.1.0(react@0.14.10)
      '@radix-ui/react-use-rect': 1.1.0(react@0.14.10)
      '@radix-ui/react-use-size': 1.1.0(react@0.14.10)
      '@radix-ui/rect': 1.1.0
      react: 0.14.10
      react-dom: 18.3.1(react@0.14.10)

  '@radix-ui/react-portal@1.1.1(react-dom@18.3.1(react@0.14.10))(react@0.14.10)':
    dependencies:
      '@radix-ui/react-primitive': 2.0.0(react-dom@18.3.1(react@0.14.10))(react@0.14.10)
      '@radix-ui/react-use-layout-effect': 1.1.0(react@0.14.10)
      react: 0.14.10
      react-dom: 18.3.1(react@0.14.10)

  '@radix-ui/react-presence@1.1.0(react-dom@18.3.1(react@0.14.10))(react@0.14.10)':
    dependencies:
      '@radix-ui/react-compose-refs': 1.1.0(react@0.14.10)
      '@radix-ui/react-use-layout-effect': 1.1.0(react@0.14.10)
      react: 0.14.10
      react-dom: 18.3.1(react@0.14.10)

  '@radix-ui/react-primitive@2.0.0(react-dom@18.3.1(react@0.14.10))(react@0.14.10)':
    dependencies:
      '@radix-ui/react-slot': 1.1.0(react@0.14.10)
      react: 0.14.10
      react-dom: 18.3.1(react@0.14.10)

  '@radix-ui/react-roving-focus@1.1.0(react-dom@18.3.1(react@0.14.10))(react@0.14.10)':
    dependencies:
      '@radix-ui/primitive': 1.1.0
      '@radix-ui/react-collection': 1.1.0(react-dom@18.3.1(react@0.14.10))(react@0.14.10)
      '@radix-ui/react-compose-refs': 1.1.0(react@0.14.10)
      '@radix-ui/react-context': 1.1.0(react@0.14.10)
      '@radix-ui/react-direction': 1.1.0(react@0.14.10)
      '@radix-ui/react-id': 1.1.0(react@0.14.10)
      '@radix-ui/react-primitive': 2.0.0(react-dom@18.3.1(react@0.14.10))(react@0.14.10)
      '@radix-ui/react-use-callback-ref': 1.1.0(react@0.14.10)
      '@radix-ui/react-use-controllable-state': 1.1.0(react@0.14.10)
      react: 0.14.10
      react-dom: 18.3.1(react@0.14.10)

  '@radix-ui/react-scroll-area@1.1.0(react-dom@18.3.1(react@0.14.10))(react@0.14.10)':
    dependencies:
      '@radix-ui/number': 1.1.0
      '@radix-ui/primitive': 1.1.0
      '@radix-ui/react-compose-refs': 1.1.0(react@0.14.10)
      '@radix-ui/react-context': 1.1.0(react@0.14.10)
      '@radix-ui/react-direction': 1.1.0(react@0.14.10)
      '@radix-ui/react-presence': 1.1.0(react-dom@18.3.1(react@0.14.10))(react@0.14.10)
      '@radix-ui/react-primitive': 2.0.0(react-dom@18.3.1(react@0.14.10))(react@0.14.10)
      '@radix-ui/react-use-callback-ref': 1.1.0(react@0.14.10)
      '@radix-ui/react-use-layout-effect': 1.1.0(react@0.14.10)
      react: 0.14.10
      react-dom: 18.3.1(react@0.14.10)

  '@radix-ui/react-slot@1.1.0(react@0.14.10)':
    dependencies:
      '@radix-ui/react-compose-refs': 1.1.0(react@0.14.10)
      react: 0.14.10

  '@radix-ui/react-tabs@1.1.0(react-dom@18.3.1(react@0.14.10))(react@0.14.10)':
    dependencies:
      '@radix-ui/primitive': 1.1.0
      '@radix-ui/react-context': 1.1.0(react@0.14.10)
      '@radix-ui/react-direction': 1.1.0(react@0.14.10)
      '@radix-ui/react-id': 1.1.0(react@0.14.10)
      '@radix-ui/react-presence': 1.1.0(react-dom@18.3.1(react@0.14.10))(react@0.14.10)
      '@radix-ui/react-primitive': 2.0.0(react-dom@18.3.1(react@0.14.10))(react@0.14.10)
      '@radix-ui/react-roving-focus': 1.1.0(react-dom@18.3.1(react@0.14.10))(react@0.14.10)
      '@radix-ui/react-use-controllable-state': 1.1.0(react@0.14.10)
      react: 0.14.10
      react-dom: 18.3.1(react@0.14.10)

  '@radix-ui/react-tooltip@1.1.2(react-dom@18.3.1(react@0.14.10))(react@0.14.10)':
    dependencies:
      '@radix-ui/primitive': 1.1.0
      '@radix-ui/react-compose-refs': 1.1.0(react@0.14.10)
      '@radix-ui/react-context': 1.1.0(react@0.14.10)
      '@radix-ui/react-dismissable-layer': 1.1.0(react-dom@18.3.1(react@0.14.10))(react@0.14.10)
      '@radix-ui/react-id': 1.1.0(react@0.14.10)
      '@radix-ui/react-popper': 1.2.0(react-dom@18.3.1(react@0.14.10))(react@0.14.10)
      '@radix-ui/react-portal': 1.1.1(react-dom@18.3.1(react@0.14.10))(react@0.14.10)
      '@radix-ui/react-presence': 1.1.0(react-dom@18.3.1(react@0.14.10))(react@0.14.10)
      '@radix-ui/react-primitive': 2.0.0(react-dom@18.3.1(react@0.14.10))(react@0.14.10)
      '@radix-ui/react-slot': 1.1.0(react@0.14.10)
      '@radix-ui/react-use-controllable-state': 1.1.0(react@0.14.10)
      '@radix-ui/react-visually-hidden': 1.1.0(react-dom@18.3.1(react@0.14.10))(react@0.14.10)
      react: 0.14.10
      react-dom: 18.3.1(react@0.14.10)

  '@radix-ui/react-use-callback-ref@1.1.0(react@0.14.10)':
    dependencies:
      react: 0.14.10

  '@radix-ui/react-use-controllable-state@1.1.0(react@0.14.10)':
    dependencies:
      '@radix-ui/react-use-callback-ref': 1.1.0(react@0.14.10)
      react: 0.14.10

  '@radix-ui/react-use-escape-keydown@1.1.0(react@0.14.10)':
    dependencies:
      '@radix-ui/react-use-callback-ref': 1.1.0(react@0.14.10)
      react: 0.14.10

  '@radix-ui/react-use-layout-effect@1.1.0(react@0.14.10)':
    dependencies:
      react: 0.14.10

  '@radix-ui/react-use-rect@1.1.0(react@0.14.10)':
    dependencies:
      '@radix-ui/rect': 1.1.0
      react: 0.14.10

  '@radix-ui/react-use-size@1.1.0(react@0.14.10)':
    dependencies:
      '@radix-ui/react-use-layout-effect': 1.1.0(react@0.14.10)
      react: 0.14.10

  '@radix-ui/react-visually-hidden@1.1.0(react-dom@18.3.1(react@0.14.10))(react@0.14.10)':
    dependencies:
      '@radix-ui/react-primitive': 2.0.0(react-dom@18.3.1(react@0.14.10))(react@0.14.10)
      react: 0.14.10
      react-dom: 18.3.1(react@0.14.10)

  '@radix-ui/rect@1.1.0': {}

  '@types/d3-array@3.2.1': {}

  '@types/d3-color@3.1.3': {}

  '@types/d3-ease@3.0.2': {}

  '@types/d3-interpolate@3.0.4':
    dependencies:
      '@types/d3-color': 3.1.3

  '@types/d3-path@3.1.0': {}

  '@types/d3-scale@4.0.8':
    dependencies:
      '@types/d3-time': 3.0.3

  '@types/d3-shape@3.1.6':
    dependencies:
      '@types/d3-path': 3.1.0

  '@types/d3-time@3.0.3': {}

  '@types/d3-timer@3.0.2': {}

  acorn@5.7.4: {}

  amdefine@1.0.1: {}

  asap@2.0.6: {}

  ast-types@0.9.6: {}

  balanced-match@1.0.2: {}

  base62@1.2.8: {}

  brace-expansion@1.1.11:
    dependencies:
      balanced-match: 1.0.2
      concat-map: 0.0.1

  clsx@2.1.1: {}

  commander@2.20.3: {}

  commoner@0.10.8:
    dependencies:
      commander: 2.20.3
      detective: 4.7.1
      glob: 5.0.15
      graceful-fs: 4.2.11
      iconv-lite: 0.4.24
      mkdirp: 0.5.6
      private: 0.1.8
      q: 1.5.1
      recast: 0.11.23

  concat-map@0.0.1: {}

  core-js@1.2.7: {}

  csstype@3.1.3: {}

  d3-array@3.2.4:
    dependencies:
      internmap: 2.0.3

  d3-color@3.1.0: {}

  d3-ease@3.0.1: {}

  d3-format@3.1.0: {}

  d3-interpolate@3.0.1:
    dependencies:
      d3-color: 3.1.0

  d3-path@3.1.0: {}

  d3-scale@4.0.2:
    dependencies:
      d3-array: 3.2.4
      d3-format: 3.1.0
      d3-interpolate: 3.0.1
      d3-time: 3.1.0
      d3-time-format: 4.1.0

  d3-shape@3.2.0:
    dependencies:
      d3-path: 3.1.0

  d3-time-format@4.1.0:
    dependencies:
      d3-time: 3.1.0

  d3-time@3.1.0:
    dependencies:
      d3-array: 3.2.4

  d3-timer@3.0.1: {}

  decimal.js-light@2.5.1: {}

  defined@1.0.1: {}

  detective@4.7.1:
    dependencies:
      acorn: 5.7.4
      defined: 1.0.1

  dom-helpers@5.2.1:
    dependencies:
      '@babel/runtime': 7.25.0
      csstype: 3.1.3

  envify@3.4.1:
    dependencies:
      jstransform: 11.0.3
      through: 2.3.8

  esprima-fb@15001.1.0-dev-harmony-fb: {}

  esprima@3.1.3: {}

  eventemitter3@4.0.7: {}

  fast-equals@5.0.1: {}

  fbjs@0.6.1:
    dependencies:
      core-js: 1.2.7
      loose-envify: 1.4.0
      promise: 7.3.1
      ua-parser-js: 0.7.38
      whatwg-fetch: 0.9.0

  glob@5.0.15:
    dependencies:
      inflight: 1.0.6
      inherits: 2.0.4
      minimatch: 3.1.2
      once: 1.4.0
      path-is-absolute: 1.0.1

  graceful-fs@4.2.11: {}

  iconv-lite@0.4.24:
    dependencies:
      safer-buffer: 2.1.2

  inflight@1.0.6:
    dependencies:
      once: 1.4.0
      wrappy: 1.0.2

  inherits@2.0.4: {}

  internmap@2.0.3: {}

  js-tokens@4.0.0: {}

  jstransform@11.0.3:
    dependencies:
      base62: 1.2.8
      commoner: 0.10.8
      esprima-fb: 15001.1.0-dev-harmony-fb
      object-assign: 2.1.1
      source-map: 0.4.4

  lodash@4.17.21: {}

  loose-envify@1.4.0:
    dependencies:
      js-tokens: 4.0.0

  minimatch@3.1.2:
    dependencies:
      brace-expansion: 1.1.11

  minimist@1.2.8: {}

  mkdirp@0.5.6:
    dependencies:
      minimist: 1.2.8

  object-assign@2.1.1: {}

  object-assign@4.1.1: {}

  once@1.4.0:
    dependencies:
      wrappy: 1.0.2

  path-is-absolute@1.0.1: {}

  private@0.1.8: {}

  promise@7.3.1:
    dependencies:
      asap: 2.0.6

  prop-types@15.8.1:
    dependencies:
      loose-envify: 1.4.0
      object-assign: 4.1.1
      react-is: 16.13.1

  q@1.5.1: {}

  react-dom@18.3.1(react@0.14.10):
    dependencies:
      loose-envify: 1.4.0
      react: 0.14.10
      scheduler: 0.23.2

  react-is@16.13.1: {}

  react-resizable-panels@2.0.23(react-dom@18.3.1(react@0.14.10))(react@0.14.10):
    dependencies:
      react: 0.14.10
      react-dom: 18.3.1(react@0.14.10)

  react-smooth@4.0.1(react-dom@18.3.1(react@0.14.10))(react@0.14.10):
    dependencies:
      fast-equals: 5.0.1
      prop-types: 15.8.1
      react: 0.14.10
      react-dom: 18.3.1(react@0.14.10)
      react-transition-group: 4.4.5(react-dom@18.3.1(react@0.14.10))(react@0.14.10)

  react-transition-group@4.4.5(react-dom@18.3.1(react@0.14.10))(react@0.14.10):
    dependencies:
      '@babel/runtime': 7.25.0
      dom-helpers: 5.2.1
      loose-envify: 1.4.0
      prop-types: 15.8.1
      react: 0.14.10
      react-dom: 18.3.1(react@0.14.10)

  react@0.14.10:
    dependencies:
      envify: 3.4.1
      fbjs: 0.6.1

  recast@0.11.23:
    dependencies:
      ast-types: 0.9.6
      esprima: 3.1.3
      private: 0.1.8
      source-map: 0.5.7

  recharts-scale@0.4.5:
    dependencies:
      decimal.js-light: 2.5.1

  recharts@2.12.7(react-dom@18.3.1(react@0.14.10))(react@0.14.10):
    dependencies:
      clsx: 2.1.1
      eventemitter3: 4.0.7
      lodash: 4.17.21
      react: 0.14.10
      react-dom: 18.3.1(react@0.14.10)
      react-is: 16.13.1
      react-smooth: 4.0.1(react-dom@18.3.1(react@0.14.10))(react@0.14.10)
      recharts-scale: 0.4.5
      tiny-invariant: 1.3.3
      victory-vendor: 36.9.2

  regenerator-runtime@0.14.1: {}

  safer-buffer@2.1.2: {}

  scheduler@0.23.2:
    dependencies:
      loose-envify: 1.4.0

  source-map@0.4.4:
    dependencies:
      amdefine: 1.0.1

  source-map@0.5.7: {}

  through@2.3.8: {}

  tiny-invariant@1.3.3: {}

  ua-parser-js@0.7.38: {}

  victory-vendor@36.9.2:
    dependencies:
      '@types/d3-array': 3.2.1
      '@types/d3-ease': 3.0.2
      '@types/d3-interpolate': 3.0.4
      '@types/d3-scale': 4.0.8
      '@types/d3-shape': 3.1.6
      '@types/d3-time': 3.0.3
      '@types/d3-timer': 3.0.2
      d3-array: 3.2.4
      d3-ease: 3.0.1
      d3-interpolate: 3.0.1
      d3-scale: 4.0.2
      d3-shape: 3.2.0
      d3-time: 3.1.0
      d3-timer: 3.0.1

  whatwg-fetch@0.9.0: {}

  wrappy@1.0.2: {}
